# THIS IS AN AUTOGENERATED FILE. DO NOT EDIT THIS FILE DIRECTLY.
# yarn lockfile v1


"@zxing/library@^0.8.4":
  version "0.8.4"
  resolved "https://registry.yarnpkg.com/@zxing/library/-/library-0.8.4.tgz#f43e0e11208ddef7b5250aa0294b3036023e166c"
  integrity sha512-VcrhVfUZWaWIsMunuYfVWGp4Co/vEtcsNGxTwUrLEiTU+C+Y7WFutZI5msJy3ng3fz7AJcJnr7NM+BNudzqAIg==
  dependencies:
    ts-custom-error "^2.2.1"
  optionalDependencies:
    text-encoding "^0.7.0"

text-encoding@^0.7.0:
  version "0.7.0"
  resolved "https://registry.yarnpkg.com/text-encoding/-/text-encoding-0.7.0.tgz#f895e836e45990624086601798ea98e8f36ee643"
  integrity sha512-oJQ3f1hrOnbRLOcwKz0Liq2IcrvDeZRHXhd9RgLrsT+DjWY/nty1Hi7v3dtkaEYbPYe0mUoOfzRrMwfXXwgPUA==

ts-custom-error@^2.2.1:
  version "2.2.1"
  resolved "https://registry.yarnpkg.com/ts-custom-error/-/ts-custom-error-2.2.1.tgz#47086fbc34df5c7c2d4fba8c92d8767662066951"
  integrity sha512-lHKZtU+PXkVuap6nlFZybIAFLUO8B3jbCs1VynBL8AUSAHfeG6HpztcBTDRp5I+fN5820N9kGg+eTIvr+le2yg==
